# This file is autogenerated, do not edit; changes may be undone by the next 'dep ensure'.


[[projects]]
  name = "github.com/blevesearch/bleve"
  packages = [".","analysis","analysis/analyzers/standard_analyzer","analysis/datetime_parsers/datetime_optional","analysis/datetime_parsers/flexible_go","analysis/language/en","analysis/token_filters/lower_case_filter","analysis/token_filters/porter","analysis/token_filters/stop_tokens_filter","analysis/tokenizers/unicode","document","index","index/store","index/store/boltdb","index/store/gtreap","index/upside_down","numeric_util","registry","search","search/collectors","search/facets","search/highlight","search/highlight/fragment_formatters/html","search/highlight/fragmenters/simple","search/highlight/highlighters/html","search/highlight/highlighters/simple","search/scorers","search/searchers"]
  revision = "97393d027342f43b17da2f02c090a4e728ac929f"
  version = "v0.5.0"

[[projects]]
  name = "github.com/blevesearch/go-porterstemmer"
  packages = ["."]
  revision = "b4dd94e38f29620fe0f97ae4b0f6994b0d5d75f0"
  version = "v1.0.1"

[[projects]]
  branch = "master"
  name = "github.com/blevesearch/segment"
  packages = ["."]
  revision = "762005e7a34fd909a84586299f1dd457371d36ee"

[[projects]]
  name = "github.com/boltdb/bolt"
  packages = ["."]
  revision = "2f1ce7a837dcb8da3ec595b1dac9d0632f0f99e8"
  version = "v1.3.1"

[[projects]]
  branch = "master"
  name = "github.com/golang/protobuf"
  packages = ["proto"]
  revision = "11b8df160996e00fd4b55cbaafb3d84ec6d50fa8"

[[projects]]
  name = "github.com/gorilla/context"
  packages = ["."]
  revision = "1ea25387ff6f684839d82767c1733ff4d4d15d0a"
  version = "v1.1"

[[projects]]
  branch = "master"
  name = "github.com/gorilla/mux"
  packages = ["."]
  revision = "7904d2e42e7ebbdb4a6eb3e57eb201b11df25c57"

[[projects]]
  branch = "master"
  name = "github.com/grokify/html-strip-tags-go"
  packages = ["."]
  revision = "7a55ac806487a66b5d52fa2215f5d60aa33b5336"

[[projects]]
  branch = "master"
  name = "github.com/knakk/digest"
  packages = ["."]
  revision = "fd45becddc49e7c583e46de4af3b9b3b37e629e3"

[[projects]]
  branch = "master"
  name = "github.com/knakk/rdf"
  packages = ["."]
  revision = "9659d914ab599d63e07af0b84aeabd4a942b66d5"

[[projects]]
  branch = "master"
  name = "github.com/knakk/sparql"
  packages = ["."]
  revision = "3de19ad6a5dcee30dd5e101b47e3aedc7f69ef57"

[[projects]]
  branch = "master"
  name = "github.com/steveyen/gtreap"
  packages = ["."]
  revision = "0abe01ef9be25c4aedc174758ec2d917314d6d70"

[[projects]]
  branch = "master"
  name = "golang.org/x/net"
  packages = ["context"]
  revision = "8351a756f30f1297fe94bbf4b767ec589c6ea6d0"

[[projects]]
  branch = "master"
  name = "golang.org/x/sys"
  packages = ["unix"]
  revision = "062cd7e4e68206d8bab9b18396626e855c992658"

[solve-meta]
  analyzer-name = "dep"
  analyzer-version = 1
  inputs-digest = "803236b4432b6c570cda307c2a9e102a95fdb90e5b13500d105755a40f73f37e"
  solver-name = "gps-cdcl"
  solver-version = 1
