{
  "requires": true,
  "lockfileVersion": 1,
  "dependencies": {
    "slim-js": {
      "version": "3.2.1",
      "resolved": "https://registry.npmjs.org/slim-js/-/slim-js-3.2.1.tgz",
      "integrity": "sha512-SROgxk0Sb0CcD10Cm0xWK/3J0+vZierbAJ91CpKDW0vEUmFnuBAUS7B7pkM86hx6YO8PPTNzm+idtaCvnAAyUQ=="
    }
  }
}
